<?xml version="1.0" encoding="utf-8"?>
<Project ToolsVersion="4.0" xmlns="http://schemas.microsoft.com/developer/msbuild/2003">
  <ItemGroup>
    <Filter Include="Source Files">
      <UniqueIdentifier>{4FC737F1-C7A5-4376-A066-2A32D752A2FF}</UniqueIdentifier>
      <Extensions>cpp;c;cc;cxx;def;odl;idl;hpj;bat;asm;asmx</Extensions>
    </Filter>
    <Filter Include="Header Files">
      <UniqueIdentifier>{93995380-89BD-4b04-88EB-625FBE52EBFB}</UniqueIdentifier>
      <Extensions>h;hpp;hxx;hm;inl;inc;xsd</Extensions>
    </Filter>
    <Filter Include="Resource Files">
      <UniqueIdentifier>{67DA6AB6-F800-4c08-8B7A-83BB121AAD01}</UniqueIdentifier>
      <Extensions>rc;ico;cur;bmp;dlg;rc2;rct;bin;rgs;gif;jpg;jpeg;jpe;resx;tiff;tif;png;wav;mfcribbon-ms</Extensions>
    </Filter>
    <Filter Include="Source Files\minhook">
      <UniqueIdentifier>{e32980b6-0cf0-4d43-a34b-bba4677a9fe6}</UniqueIdentifier>
    </Filter>
    <Filter Include="Source Files\minhook\include">
      <UniqueIdentifier>{3b78b706-f702-4c36-bff1-bff2a7d26c7d}</UniqueIdentifier>
    </Filter>
    <Filter Include="Source Files\minhook\src">
      <UniqueIdentifier>{34b2a2ca-6f52-4963-b837-fe89c3ea16d8}</UniqueIdentifier>
    </Filter>
    <Filter Include="Source Files\minhook\src\HDE">
      <UniqueIdentifier>{d00bb136-9c0c-478b-9c42-ace278252dc3}</UniqueIdentifier>
    </Filter>
  </ItemGroup>
  <ItemGroup>
    <ClCompile Include="main.cpp">
      <Filter>Source Files</Filter>
    </ClCompile>
    <ClCompile Include="stdafx.cpp">
      <Filter>Source Files</Filter>
    </ClCompile>
    <ClCompile Include="minhook\src\buffer.c">
      <Filter>Source Files\minhook\src</Filter>
    </ClCompile>
    <ClCompile Include="minhook\src\hook.c">
      <Filter>Source Files\minhook\src</Filter>
    </ClCompile>
    <ClCompile Include="minhook\src\trampoline.c">
      <Filter>Source Files\minhook\src</Filter>
    </ClCompile>
    <ClCompile Include="minhook\src\HDE\hde32.c">
      <Filter>Source Files\minhook\src\HDE</Filter>
    </ClCompile>
    <ClCompile Include="minhook\src\HDE\hde64.c">
      <Filter>Source Files\minhook\src\HDE</Filter>
    </ClCompile>
  </ItemGroup>
  <ItemGroup>
    <ClInclude Include="resource.h">
      <Filter>Header Files</Filter>
    </ClInclude>
    <ClInclude Include="minhook\include\MinHook.h">
      <Filter>Source Files\minhook\include</Filter>
    </ClInclude>
    <ClInclude Include="minhook\src\buffer.h">
      <Filter>Source Files\minhook\src</Filter>
    </ClInclude>
    <ClInclude Include="minhook\src\trampoline.h">
      <Filter>Source Files\minhook\src</Filter>
    </ClInclude>
    <ClInclude Include="minhook\src\HDE\hde32.h">
      <Filter>Source Files\minhook\src\HDE</Filter>
    </ClInclude>
    <ClInclude Include="minhook\src\HDE\hde64.h">
      <Filter>Source Files\minhook\src\HDE</Filter>
    </ClInclude>
    <ClInclude Include="minhook\src\HDE\pstdint.h">
      <Filter>Source Files\minhook\src\HDE</Filter>
    </ClInclude>
    <ClInclude Include="minhook\src\HDE\table32.h">
      <Filter>Source Files\minhook\src\HDE</Filter>
    </ClInclude>
    <ClInclude Include="minhook\src\HDE\table64.h">
      <Filter>Source Files\minhook\src\HDE</Filter>
    </ClInclude>
    <ClInclude Include="stdafx.h">
      <Filter>Header Files</Filter>
    </ClInclude>
    <ClInclude Include="targetver.h">
      <Filter>Header Files</Filter>
    </ClInclude>
  </ItemGroup>
  <ItemGroup>
    <ResourceCompile Include="nobuzz.rc">
      <Filter>Resource Files</Filter>
    </ResourceCompile>
  </ItemGroup>
</Project>